{
  "lockfileVersion": 1,
  "workspaces": {
    "": {
      "name": "cloudflare-ai-search-template-scripts",
      "dependencies": {
        "mustache": "^4.2.0",
        "yaml": "^2.5.1",
      },
      "devDependencies": {
        "@types/mustache": "^4.2.6",
      },
    },
  },
  "packages": {
    "@types/mustache": ["@types/mustache@4.2.6", "", {}, "sha512-t+8/QWTAhOFlrF1IVZqKnMRJi84EgkIK5Kh0p2JV4OLywUvCwJPFxbJAl7XAow7DVIHsF+xW9f1MVzg0L6Szjw=="],

    "mustache": ["mustache@4.2.0", "", { "bin": { "mustache": "bin/mustache" } }, "sha512-71ippSywq5Yb7/tVYyGbkBggbU8H3u5Rz56fH60jGFgr8uHwxs+aSKeqmluIVzM0m0kB7xQjKS6qPfd0b2ZoqQ=="],

    "yaml": ["yaml@2.8.4", "", { "bin": { "yaml": "bin.mjs" } }, "sha512-ml/JPOj9fOQK8RNnWojA67GbZ0ApXAUlN2UQclwv2eVgTgn7O9gg9o7paZWKMp4g0H3nTLtS9LVzhkpOFIKzog=="],
  }
}
